
Microsoft Visual Studio Solution File, Format Version 12.00
# Visual Studio 15
VisualStudioVersion = 15.0.28010.2046
MinimumVisualStudioVersion = 10.0.40219.1
Project("{FAE04EC0-301F-11D3-BF4B-00C04F79EFBC}") = "RPG", "RPG\RPG.csproj", "{5389AE51-AE4C-40E4-A850-7D231F9EF586}"
EndProject
Global
	GlobalSection(SolutionConfigurationPlatforms) = preSolution
		Debug|x86 = Debug|x86
		Release|x86 = Release|x86
	EndGlobalSection
	GlobalSection(ProjectConfigurationPlatforms) = postSolution
		{5389AE51-AE4C-40E4-A850-7D231F9EF586}.Debug|x86.ActiveCfg = Debug|x86
		{5389AE51-AE4C-40E4-A850-7D231F9EF586}.Debug|x86.Build.0 = Debug|x86
		{5389AE51-AE4C-40E4-A850-7D231F9EF586}.Release|x86.ActiveCfg = Release|x86
		{5389AE51-AE4C-40E4-A850-7D231F9EF586}.Release|x86.Build.0 = Release|x86
	EndGlobalSection
	GlobalSection(SolutionProperties) = preSolution
		HideSolutionNode = FALSE
	EndGlobalSection
	GlobalSection(ExtensibilityGlobals) = postSolution
		SolutionGuid = {00F72F67-26F8-419B-9A25-0F999B6DC0F9}
	EndGlobalSection
EndGlobal
